
Microsoft Visual Studio Solution File, Format Version 12.00
# Visual Studio Version 17
VisualStudioVersion = 17.4.33103.184
MinimumVisualStudioVersion = 10.0.40219.1
Project("{9A19103F-16F7-4668-BE54-9A1E7A4F7556}") = "automotive", "automotive\automotive.csproj", "{72969D6B-87CD-4F00-A876-3C9D77A1823F}"
EndProject
Global
	GlobalSection(SolutionConfigurationPlatforms) = preSolution
		Debug|Any CPU = Debug|Any CPU
		Release|Any CPU = Release|Any CPU
	EndGlobalSection
	GlobalSection(ProjectConfigurationPlatforms) = postSolution
		{72969D6B-87CD-4F00-A876-3C9D77A1823F}.Debug|Any CPU.ActiveCfg = Debug|Any CPU
		{72969D6B-87CD-4F00-A876-3C9D77A1823F}.Debug|Any CPU.Build.0 = Debug|Any CPU
		{72969D6B-87CD-4F00-A876-3C9D77A1823F}.Release|Any CPU.ActiveCfg = Release|Any CPU
		{72969D6B-87CD-4F00-A876-3C9D77A1823F}.Release|Any CPU.Build.0 = Release|Any CPU
	EndGlobalSection
	GlobalSection(SolutionProperties) = preSolution
		HideSolutionNode = FALSE
	EndGlobalSection
	GlobalSection(ExtensibilityGlobals) = postSolution
		SolutionGuid = {9B897B4B-9606-4220-BBBD-D265C86E2B8F}
	EndGlobalSection
EndGlobal
