
Microsoft Visual Studio Solution File, Format Version 12.00
# Visual Studio Version 17
VisualStudioVersion = 17.4.33103.184
MinimumVisualStudioVersion = 10.0.40219.1
Project("{9A19103F-16F7-4668-BE54-9A1E7A4F7556}") = "automotive.BL", "automotive.BL\automotive.BL.csproj", "{4C179774-93F4-48E7-B426-1B4F7E63FA51}"
EndProject
Project("{FAE04EC0-301F-11D3-BF4B-00C04F79EFBC}") = "automotive", "automotive\automotive.csproj", "{38D4660D-6575-4636-8C19-754BD0FC3143}"
EndProject
Global
	GlobalSection(SolutionConfigurationPlatforms) = preSolution
		Debug|Any CPU = Debug|Any CPU
		Release|Any CPU = Release|Any CPU
	EndGlobalSection
	GlobalSection(ProjectConfigurationPlatforms) = postSolution
		{4C179774-93F4-48E7-B426-1B4F7E63FA51}.Debug|Any CPU.ActiveCfg = Debug|Any CPU
		{4C179774-93F4-48E7-B426-1B4F7E63FA51}.Debug|Any CPU.Build.0 = Debug|Any CPU
		{4C179774-93F4-48E7-B426-1B4F7E63FA51}.Release|Any CPU.ActiveCfg = Release|Any CPU
		{4C179774-93F4-48E7-B426-1B4F7E63FA51}.Release|Any CPU.Build.0 = Release|Any CPU
		{38D4660D-6575-4636-8C19-754BD0FC3143}.Debug|Any CPU.ActiveCfg = Debug|Any CPU
		{38D4660D-6575-4636-8C19-754BD0FC3143}.Debug|Any CPU.Build.0 = Debug|Any CPU
		{38D4660D-6575-4636-8C19-754BD0FC3143}.Release|Any CPU.ActiveCfg = Release|Any CPU
		{38D4660D-6575-4636-8C19-754BD0FC3143}.Release|Any CPU.Build.0 = Release|Any CPU
	EndGlobalSection
	GlobalSection(SolutionProperties) = preSolution
		HideSolutionNode = FALSE
	EndGlobalSection
	GlobalSection(ExtensibilityGlobals) = postSolution
		SolutionGuid = {9B897B4B-9606-4220-BBBD-D265C86E2B8F}
	EndGlobalSection
EndGlobal
